// !$*UTF8*$!
{
	archiveVersion = 1;
	classes = {
	};
	objectVersion = 46;
	objects = {

/* Begin PBXBuildFile section */
		F5624E4B1F525CAB001DF9C7 /* main.m in Sources */ = {isa = PBXBuildFile; fileRef = F5624E4A1F525CAB001DF9C7 /* main.m */; };
		F5624E541F525E4C001DF9C7 /* Card.m in Sources */ = {isa = PBXBuildFile; fileRef = F5624E531F525E4C001DF9C7 /* Card.m */; };
		F5624ED01F54F745001DF9C7 /* CliController.m in Sources */ = {isa = PBXBuildFile; fileRef = F5624ECF1F54F745001DF9C7 /* CliController.m */; };
/* End PBXBuildFile section */

/* Begin PBXCopyFilesBuildPhase section */
		F5624E451F525CAB001DF9C7 /* CopyFiles */ = {
			isa = PBXCopyFilesBuildPhase;
			buildActionMask = 2147483647;
			dstPath = /usr/share/man/man1/;
			dstSubfolderSpec = 0;
			files = (
			);
			runOnlyForDeploymentPostprocessing = 1;
		};
/* End PBXCopyFilesBuildPhase section */

/* Begin PBXFileReference section */
		F5624E471F525CAB001DF9C7 /* BlackJack */ = {isa = PBXFileReference; explicitFileType = "compiled.mach-o.executable"; includeInIndex = 0; path = BlackJack; sourceTree = BUILT_PRODUCTS_DIR; };
		F5624E4A1F525CAB001DF9C7 /* main.m */ = {isa = PBXFileReference; lastKnownFileType = sourcecode.c.objc; path = main.m; sourceTree = "<group>"; };
		F5624E511F525D34001DF9C7 /* Card.h */ = {isa = PBXFileReference; lastKnownFileType = sourcecode.c.h; name = Card.h; path = ../Card.h; sourceTree = "<group>"; };
		F5624E531F525E4C001DF9C7 /* Card.m */ = {isa = PBXFileReference; fileEncoding = 4; lastKnownFileType = sourcecode.c.objc; name = Card.m; path = ../Card.m; sourceTree = "<group>"; };
		F5624ECE1F54F3E2001DF9C7 /* CliController.h */ = {isa = PBXFileReference; fileEncoding = 4; lastKnownFileType = sourcecode.c.h; path = CliController.h; sourceTree = "<group>"; };
		F5624ECF1F54F745001DF9C7 /* CliController.m */ = {isa = PBXFileReference; fileEncoding = 4; lastKnownFileType = sourcecode.c.objc; path = CliController.m; sourceTree = "<group>"; };
/* End PBXFileReference section */

/* Begin PBXFrameworksBuildPhase section */
		F5624E441F525CAB001DF9C7 /* Frameworks */ = {
			isa = PBXFrameworksBuildPhase;
			buildActionMask = 2147483647;
			files = (
			);
			runOnlyForDeploymentPostprocessing = 0;
		};
/* End PBXFrameworksBuildPhase section */

/* Begin PBXGroup section */
		F5624E3E1F525CAB001DF9C7 = {
			isa = PBXGroup;
			children = (
				F5624E491F525CAB001DF9C7 /* BlackJack */,
				F5624E481F525CAB001DF9C7 /* Products */,
			);
			sourceTree = "<group>";
		};
		F5624E481F525CAB001DF9C7 /* Products */ = {
			isa = PBXGroup;
			children = (
				F5624E471F525CAB001DF9C7 /* BlackJack */,
			);
			name = Products;
			sourceTree = "<group>";
		};
		F5624E491F525CAB001DF9C7 /* BlackJack */ = {
			isa = PBXGroup;
			children = (
				F5624ECD1F54F3C4001DF9C7 /* controller */,
				F5624ECC1F54F39C001DF9C7 /* domain */,
				F5624E4A1F525CAB001DF9C7 /* main.m */,
			);
			path = BlackJack;
			sourceTree = "<group>";
		};
		F5624ECC1F54F39C001DF9C7 /* domain */ = {
			isa = PBXGroup;
			children = (
				F5624E511F525D34001DF9C7 /* Card.h */,
				F5624E531F525E4C001DF9C7 /* Card.m */,
			);
			path = domain;
			sourceTree = "<group>";
		};
		F5624ECD1F54F3C4001DF9C7 /* controller */ = {
			isa = PBXGroup;
			children = (
				F5624ECE1F54F3E2001DF9C7 /* CliController.h */,
				F5624ECF1F54F745001DF9C7 /* CliController.m */,
			);
			path = controller;
			sourceTree = "<group>";
		};
/* End PBXGroup section */

/* Begin PBXNativeTarget section */
		F5624E461F525CAB001DF9C7 /* BlackJack */ = {
			isa = PBXNativeTarget;
			buildConfigurationList = F5624E4E1F525CAB001DF9C7 /* Build configuration list for PBXNativeTarget "BlackJack" */;
			buildPhases = (
				F5624E431F525CAB001DF9C7 /* Sources */,
				F5624E441F525CAB001DF9C7 /* Frameworks */,
				F5624E451F525CAB001DF9C7 /* CopyFiles */,
			);
			buildRules = (
			);
			dependencies = (
			);
			name = BlackJack;
			productName = BlackJack;
			productReference = F5624E471F525CAB001DF9C7 /* BlackJack */;
			productType = "com.apple.product-type.tool";
		};
/* End PBXNativeTarget section */

/* Begin PBXProject section */
		F5624E3F1F525CAB001DF9C7 /* Project object */ = {
			isa = PBXProject;
			attributes = {
				LastUpgradeCheck = 0830;
				ORGANIZATIONNAME = "Adel Amodwala";
				TargetAttributes = {
					F5624E461F525CAB001DF9C7 = {
						CreatedOnToolsVersion = 8.3.3;
						DevelopmentTeam = BXG36P3LDT;
						ProvisioningStyle = Automatic;
					};
				};
			};
			buildConfigurationList = F5624E421F525CAB001DF9C7 /* Build configuration list for PBXProject "BlackJack" */;
			compatibilityVersion = "Xcode 3.2";
			developmentRegion = English;
			hasScannedForEncodings = 0;
			knownRegions = (
				en,
			);
			mainGroup = F5624E3E1F525CAB001DF9C7;
			productRefGroup = F5624E481F525CAB001DF9C7 /* Products */;
			projectDirPath = "";
			projectRoot = "";
			targets = (
				F5624E461F525CAB001DF9C7 /* BlackJack */,
			);
		};
/* End PBXProject section */

/* Begin PBXSourcesBuildPhase section */
		F5624E431F525CAB001DF9C7 /* Sources */ = {
			isa = PBXSourcesBuildPhase;
			buildActionMask = 2147483647;
			files = (
				F5624E4B1F525CAB001DF9C7 /* main.m in Sources */,
				F5624ED01F54F745001DF9C7 /* CliController.m in Sources */,
				F5624E541F525E4C001DF9C7 /* Card.m in Sources */,
			);
			runOnlyForDeploymentPostprocessing = 0;
		};
/* End PBXSourcesBuildPhase section */

/* Begin XCBuildConfiguration section */
		F5624E4C1F525CAB001DF9C7 /* Debug */ = {
			isa = XCBuildConfiguration;
			buildSettings = {
				ALWAYS_SEARCH_USER_PATHS = NO;
				CLANG_ANALYZER_NONNULL = YES;
				CLANG_ANALYZER_NUMBER_OBJECT_CONVERSION = YES_AGGRESSIVE;
				CLANG_CXX_LANGUAGE_STANDARD = "gnu++0x";
				CLANG_CXX_LIBRARY = "libc++";
				CLANG_ENABLE_MODULES = YES;
				CLANG_ENABLE_OBJC_ARC = YES;
				CLANG_WARN_BOOL_CONVERSION = YES;
				CLANG_WARN_CONSTANT_CONVERSION = YES;
				CLANG_WARN_DIRECT_OBJC_ISA_USAGE = YES_ERROR;
				CLANG_WARN_DOCUMENTATION_COMMENTS = YES;
				CLANG_WARN_EMPTY_BODY = YES;
				CLANG_WARN_ENUM_CONVERSION = YES;
				CLANG_WARN_INFINITE_RECURSION = YES;
				CLANG_WARN_INT_CONVERSION = YES;
				CLANG_WARN_OBJC_ROOT_CLASS = YES_ERROR;
				CLANG_WARN_SUSPICIOUS_MOVE = YES;
				CLANG_WARN_UNREACHABLE_CODE = YES;
				CLANG_WARN__DUPLICATE_METHOD_MATCH = YES;
				CODE_SIGN_IDENTITY = "-";
				COPY_PHASE_STRIP = NO;
				DEBUG_INFORMATION_FORMAT = dwarf;
				ENABLE_STRICT_OBJC_MSGSEND = YES;
				ENABLE_TESTABILITY = YES;
				GCC_C_LANGUAGE_STANDARD = gnu99;
				GCC_DYNAMIC_NO_PIC = NO;
				GCC_NO_COMMON_BLOCKS = YES;
				GCC_OPTIMIZATION_LEVEL = 0;
				GCC_PREPROCESSOR_DEFINITIONS = (
					"DEBUG=1",
					"$(inherited)",
				);
				GCC_WARN_64_TO_32_BIT_CONVERSION = YES;
				GCC_WARN_ABOUT_RETURN_TYPE = YES_ERROR;
				GCC_WARN_UNDECLARED_SELECTOR = YES;
				GCC_WARN_UNINITIALIZED_AUTOS = YES_AGGRESSIVE;
				GCC_WARN_UNUSED_FUNCTION = YES;
				GCC_WARN_UNUSED_VARIABLE = YES;
				MACOSX_DEPLOYMENT_TARGET = 10.12;
				MTL_ENABLE_DEBUG_INFO = YES;
				ONLY_ACTIVE_ARCH = YES;
				SDKROOT = macosx;
			};
			name = Debug;
		};
		F5624E4D1F525CAB001DF9C7 /* Release */ = {
			isa = XCBuildConfiguration;
			buildSettings = {
				ALWAYS_SEARCH_USER_PATHS = NO;
				CLANG_ANALYZER_NONNULL = YES;
				CLANG_ANALYZER_NUMBER_OBJECT_CONVERSION = YES_AGGRESSIVE;
				CLANG_CXX_LANGUAGE_STANDARD = "gnu++0x";
				CLANG_CXX_LIBRARY = "libc++";
				CLANG_ENABLE_MODULES = YES;
				CLANG_ENABLE_OBJC_ARC = YES;
				CLANG_WARN_BOOL_CONVERSION = YES;
				CLANG_WARN_CONSTANT_CONVERSION = YES;
				CLANG_WARN_DIRECT_OBJC_ISA_USAGE = YES_ERROR;
				CLANG_WARN_DOCUMENTATION_COMMENTS = YES;
				CLANG_WARN_EMPTY_BODY = YES;
				CLANG_WARN_ENUM_CONVERSION = YES;
				CLANG_WARN_INFINITE_RECURSION = YES;
				CLANG_WARN_INT_CONVERSION = YES;
				CLANG_WARN_OBJC_ROOT_CLASS = YES_ERROR;
				CLANG_WARN_SUSPICIOUS_MOVE = YES;
				CLANG_WARN_UNREACHABLE_CODE = YES;
				CLANG_WARN__DUPLICATE_METHOD_MATCH = YES;
				CODE_SIGN_IDENTITY = "-";
				COPY_PHASE_STRIP = NO;
				DEBUG_INFORMATION_FORMAT = "dwarf-with-dsym";
				ENABLE_NS_ASSERTIONS = NO;
				ENABLE_STRICT_OBJC_MSGSEND = YES;
				GCC_C_LANGUAGE_STANDARD = gnu99;
				GCC_NO_COMMON_BLOCKS = YES;
				GCC_WARN_64_TO_32_BIT_CONVERSION = YES;
				GCC_WARN_ABOUT_RETURN_TYPE = YES_ERROR;
				GCC_WARN_UNDECLARED_SELECTOR = YES;
				GCC_WARN_UNINITIALIZED_AUTOS = YES_AGGRESSIVE;
				GCC_WARN_UNUSED_FUNCTION = YES;
				GCC_WARN_UNUSED_VARIABLE = YES;
				MACOSX_DEPLOYMENT_TARGET = 10.12;
				MTL_ENABLE_DEBUG_INFO = NO;
				SDKROOT = macosx;
			};
			name = Release;
		};
		F5624E4F1F525CAB001DF9C7 /* Debug */ = {
			isa = XCBuildConfiguration;
			buildSettings = {
				CLANG_ENABLE_OBJC_ARC = NO;
				DEVELOPMENT_TEAM = BXG36P3LDT;
				PRODUCT_NAME = "$(TARGET_NAME)";
			};
			name = Debug;
		};
		F5624E501F525CAB001DF9C7 /* Release */ = {
			isa = XCBuildConfiguration;
			buildSettings = {
				CLANG_ENABLE_OBJC_ARC = NO;
				DEVELOPMENT_TEAM = BXG36P3LDT;
				PRODUCT_NAME = "$(TARGET_NAME)";
			};
			name = Release;
		};
/* End XCBuildConfiguration section */

/* Begin XCConfigurationList section */
		F5624E421F525CAB001DF9C7 /* Build configuration list for PBXProject "BlackJack" */ = {
			isa = XCConfigurationList;
			buildConfigurations = (
				F5624E4C1F525CAB001DF9C7 /* Debug */,
				F5624E4D1F525CAB001DF9C7 /* Release */,
			);
			defaultConfigurationIsVisible = 0;
			defaultConfigurationName = Release;
		};
		F5624E4E1F525CAB001DF9C7 /* Build configuration list for PBXNativeTarget "BlackJack" */ = {
			isa = XCConfigurationList;
			buildConfigurations = (
				F5624E4F1F525CAB001DF9C7 /* Debug */,
				F5624E501F525CAB001DF9C7 /* Release */,
			);
			defaultConfigurationIsVisible = 0;
			defaultConfigurationName = Release;
		};
/* End XCConfigurationList section */
	};
	rootObject = F5624E3F1F525CAB001DF9C7 /* Project object */;
}
